
Microsoft Visual Studio Solution File, Format Version 12.00
# Visual Studio Version 17
VisualStudioVersion = 17.10.35122.118
MinimumVisualStudioVersion = 10.0.40219.1
Project("{FAE04EC0-301F-11D3-BF4B-00C04F79EFBC}") = "vehicleHire", "vehicleHire\vehicleHire.csproj", "{318213AE-38AF-4195-8DDB-4087905D5153}"
EndProject
Global
	GlobalSection(SolutionConfigurationPlatforms) = preSolution
		Debug|Any CPU = Debug|Any CPU
		Release|Any CPU = Release|Any CPU
	EndGlobalSection
	GlobalSection(ProjectConfigurationPlatforms) = postSolution
		{318213AE-38AF-4195-8DDB-4087905D5153}.Debug|Any CPU.ActiveCfg = Debug|Any CPU
		{318213AE-38AF-4195-8DDB-4087905D5153}.Debug|Any CPU.Build.0 = Debug|Any CPU
		{318213AE-38AF-4195-8DDB-4087905D5153}.Release|Any CPU.ActiveCfg = Release|Any CPU
		{318213AE-38AF-4195-8DDB-4087905D5153}.Release|Any CPU.Build.0 = Release|Any CPU
	EndGlobalSection
	GlobalSection(SolutionProperties) = preSolution
		HideSolutionNode = FALSE
	EndGlobalSection
	GlobalSection(ExtensibilityGlobals) = postSolution
		SolutionGuid = {8A4FF212-3885-475B-B0D6-75541D550BF3}
	EndGlobalSection
EndGlobal
